
Microsoft Visual Studio Solution File, Format Version 10.00
# Visual Studio 2008
Project("{FAE04EC0-301F-11D3-BF4B-00C04F79EFBC}") = "Datalayer", "src\Datalayer\Datalayer.csproj", "{2883FE9C-D6F3-43BC-BD10-E9903B74D43C}"
EndProject
Global
	GlobalSection(SolutionConfigurationPlatforms) = preSolution
		Debug|Any CPU = Debug|Any CPU
		Release|Any CPU = Release|Any CPU
	EndGlobalSection
	GlobalSection(ProjectConfigurationPlatforms) = postSolution
		{2883FE9C-D6F3-43BC-BD10-E9903B74D43C}.Debug|Any CPU.ActiveCfg = Debug|Any CPU
		{2883FE9C-D6F3-43BC-BD10-E9903B74D43C}.Debug|Any CPU.Build.0 = Debug|Any CPU
		{2883FE9C-D6F3-43BC-BD10-E9903B74D43C}.Release|Any CPU.ActiveCfg = Release|Any CPU
		{2883FE9C-D6F3-43BC-BD10-E9903B74D43C}.Release|Any CPU.Build.0 = Release|Any CPU
	EndGlobalSection
	GlobalSection(SolutionProperties) = preSolution
		HideSolutionNode = FALSE
	EndGlobalSection
EndGlobal
