
Microsoft Visual Studio Solution File, Format Version 10.00
# Visual Studio 2008
Project("{FAE04EC0-301F-11D3-BF4B-00C04F79EFBC}") = "Datalayer", "src\Datalayer\Datalayer.csproj", "{2883FE9C-D6F3-43BC-BD10-E9903B74D43C}"
EndProject
Project("{FAE04EC0-301F-11D3-BF4B-00C04F79EFBC}") = "Test.Datalayer", "src\Test.Datalayer\Test.Datalayer.csproj", "{DFDC8A02-187C-42BC-8165-AEF8788D7BE1}"
EndProject
Project("{FAE04EC0-301F-11D3-BF4B-00C04F79EFBC}") = "Presentation", "src\Presentation\Presentation.csproj", "{EABB34F2-2E77-466E-B35E-5E6E0C28AA46}"
EndProject
Project("{FAE04EC0-301F-11D3-BF4B-00C04F79EFBC}") = "Test.Presentation", "src\Test.Presentation\Test.Presentation.csproj", "{04233740-ADA0-4CA9-A696-5F64E6149BE8}"
EndProject
Project("{FAE04EC0-301F-11D3-BF4B-00C04F79EFBC}") = "Domain", "src\Domain\Domain.csproj", "{1E103535-873E-4416-B5CE-2325EA289D49}"
EndProject
Global
	GlobalSection(SolutionConfigurationPlatforms) = preSolution
		Debug|Any CPU = Debug|Any CPU
		Release|Any CPU = Release|Any CPU
	EndGlobalSection
	GlobalSection(ProjectConfigurationPlatforms) = postSolution
		{2883FE9C-D6F3-43BC-BD10-E9903B74D43C}.Debug|Any CPU.ActiveCfg = Debug|Any CPU
		{2883FE9C-D6F3-43BC-BD10-E9903B74D43C}.Debug|Any CPU.Build.0 = Debug|Any CPU
		{2883FE9C-D6F3-43BC-BD10-E9903B74D43C}.Release|Any CPU.ActiveCfg = Release|Any CPU
		{2883FE9C-D6F3-43BC-BD10-E9903B74D43C}.Release|Any CPU.Build.0 = Release|Any CPU
		{DFDC8A02-187C-42BC-8165-AEF8788D7BE1}.Debug|Any CPU.ActiveCfg = Debug|Any CPU
		{DFDC8A02-187C-42BC-8165-AEF8788D7BE1}.Debug|Any CPU.Build.0 = Debug|Any CPU
		{DFDC8A02-187C-42BC-8165-AEF8788D7BE1}.Release|Any CPU.ActiveCfg = Release|Any CPU
		{DFDC8A02-187C-42BC-8165-AEF8788D7BE1}.Release|Any CPU.Build.0 = Release|Any CPU
		{EABB34F2-2E77-466E-B35E-5E6E0C28AA46}.Debug|Any CPU.ActiveCfg = Debug|Any CPU
		{EABB34F2-2E77-466E-B35E-5E6E0C28AA46}.Debug|Any CPU.Build.0 = Debug|Any CPU
		{EABB34F2-2E77-466E-B35E-5E6E0C28AA46}.Release|Any CPU.ActiveCfg = Release|Any CPU
		{EABB34F2-2E77-466E-B35E-5E6E0C28AA46}.Release|Any CPU.Build.0 = Release|Any CPU
		{04233740-ADA0-4CA9-A696-5F64E6149BE8}.Debug|Any CPU.ActiveCfg = Debug|Any CPU
		{04233740-ADA0-4CA9-A696-5F64E6149BE8}.Debug|Any CPU.Build.0 = Debug|Any CPU
		{04233740-ADA0-4CA9-A696-5F64E6149BE8}.Release|Any CPU.ActiveCfg = Release|Any CPU
		{04233740-ADA0-4CA9-A696-5F64E6149BE8}.Release|Any CPU.Build.0 = Release|Any CPU
		{1E103535-873E-4416-B5CE-2325EA289D49}.Debug|Any CPU.ActiveCfg = Debug|Any CPU
		{1E103535-873E-4416-B5CE-2325EA289D49}.Debug|Any CPU.Build.0 = Debug|Any CPU
		{1E103535-873E-4416-B5CE-2325EA289D49}.Release|Any CPU.ActiveCfg = Release|Any CPU
		{1E103535-873E-4416-B5CE-2325EA289D49}.Release|Any CPU.Build.0 = Release|Any CPU
	EndGlobalSection
	GlobalSection(SolutionProperties) = preSolution
		HideSolutionNode = FALSE
	EndGlobalSection
EndGlobal
